
Microsoft Visual Studio Solution File, Format Version 12.00
# Visual Studio Version 17
VisualStudioVersion = 17.8.34525.116
MinimumVisualStudioVersion = 10.0.40219.1
Project("{9A19103F-16F7-4668-BE54-9A1E7A4F7556}") = "PrimeMVC", "PrimeMVC\PrimeMVC.csproj", "{5C131B80-5806-4E02-B9D5-35873C47FA88}"
EndProject
Project("{2150E333-8FDC-42A3-9474-1A3956D46DE8}") = "Solution Items", "Solution Items", "{7A58765D-0DB3-422F-84BC-BAD9DA9CF381}"
	ProjectSection(SolutionItems) = preProject
		.editorconfig = .editorconfig
	EndProjectSection
EndProject
Global
	GlobalSection(SolutionConfigurationPlatforms) = preSolution
		Debug|Any CPU = Debug|Any CPU
		Release|Any CPU = Release|Any CPU
	EndGlobalSection
	GlobalSection(ProjectConfigurationPlatforms) = postSolution
		{5C131B80-5806-4E02-B9D5-35873C47FA88}.Debug|Any CPU.ActiveCfg = Debug|Any CPU
		{5C131B80-5806-4E02-B9D5-35873C47FA88}.Debug|Any CPU.Build.0 = Debug|Any CPU
		{5C131B80-5806-4E02-B9D5-35873C47FA88}.Release|Any CPU.ActiveCfg = Release|Any CPU
		{5C131B80-5806-4E02-B9D5-35873C47FA88}.Release|Any CPU.Build.0 = Release|Any CPU
	EndGlobalSection
	GlobalSection(SolutionProperties) = preSolution
		HideSolutionNode = FALSE
	EndGlobalSection
	GlobalSection(ExtensibilityGlobals) = postSolution
		SolutionGuid = {69F1A0EE-96D1-4B67-AF39-82F3FFEBCAD6}
	EndGlobalSection
EndGlobal
